// !$*UTF8*$!
{
	archiveVersion = 1;
	classes = {
	};
	objectVersion = 50;
	objects = {

/* Begin PBXBuildFile section */
		3F5C6255216937DF004517A0 /* Interface.storyboard in Resources */ = {isa = PBXBuildFile; fileRef = 3F5C6253216937DF004517A0 /* Interface.storyboard */; };
		3F5C6257216937E0004517A0 /* Assets.xcassets in Resources */ = {isa = PBXBuildFile; fileRef = 3F5C6256216937E0004517A0 /* Assets.xcassets */; };
		3F5C625E216937E0004517A0 /* Dash-Dot-Dash Watch Extension.appex in Embed App Extensions */ = {isa = PBXBuildFile; fileRef = 3F5C625D216937E0004517A0 /* Dash-Dot-Dash Watch Extension.appex */; settings = {ATTRIBUTES = (RemoveHeadersOnCopy, ); }; };
		3F5C6263216937E0004517A0 /* InterfaceController.swift in Sources */ = {isa = PBXBuildFile; fileRef = 3F5C6262216937E0004517A0 /* InterfaceController.swift */; };
		3F5C6265216937E0004517A0 /* ExtensionDelegate.swift in Sources */ = {isa = PBXBuildFile; fileRef = 3F5C6264216937E0004517A0 /* ExtensionDelegate.swift */; };
		3F5C6267216937E0004517A0 /* NotificationController.swift in Sources */ = {isa = PBXBuildFile; fileRef = 3F5C6266216937E0004517A0 /* NotificationController.swift */; };
		3F5C6269216937E0004517A0 /* Assets.xcassets in Resources */ = {isa = PBXBuildFile; fileRef = 3F5C6268216937E0004517A0 /* Assets.xcassets */; };
		3F5C626E216937E0004517A0 /* Dash-Dot-Dash Watch.app in Embed Watch Content */ = {isa = PBXBuildFile; fileRef = 3F5C6251216937DF004517A0 /* Dash-Dot-Dash Watch.app */; };
		3F5C66C72169D58E004517A0 /* PushNotifier.swift in Sources */ = {isa = PBXBuildFile; fileRef = 3F5C66C62169D58E004517A0 /* PushNotifier.swift */; };
		3F5C66CA2169E631004517A0 /* Constants.swift in Sources */ = {isa = PBXBuildFile; fileRef = 3F5C66C92169E631004517A0 /* Constants.swift */; };
		3F5C68F0216A9E83004517A0 /* NotificationHandler.swift in Sources */ = {isa = PBXBuildFile; fileRef = 3F5C68EF216A9E83004517A0 /* NotificationHandler.swift */; };
		3F5C6902216AA525004517A0 /* PushNotifierTests.swift in Sources */ = {isa = PBXBuildFile; fileRef = 3F5C6901216AA525004517A0 /* PushNotifierTests.swift */; };
		3F5C6904216AA749004517A0 /* Mock Objects.swift in Sources */ = {isa = PBXBuildFile; fileRef = 3F5C6903216AA749004517A0 /* Mock Objects.swift */; };
		3F5C6906216AC44A004517A0 /* NotificationHandlerTests.swift in Sources */ = {isa = PBXBuildFile; fileRef = 3F5C6905216AC44A004517A0 /* NotificationHandlerTests.swift */; };
		3F5C690A216BEB30004517A0 /* InteractiveNotificationController.swift in Sources */ = {isa = PBXBuildFile; fileRef = 3F5C6909216BEB30004517A0 /* InteractiveNotificationController.swift */; };
		3F5C691A216D0A74004517A0 /* WatchAudioPlayer.swift in Sources */ = {isa = PBXBuildFile; fileRef = 3F5C6919216D0A74004517A0 /* WatchAudioPlayer.swift */; };
		3F5C691C216D2735004517A0 /* 5-seconds-of-silence.mp3 in Resources */ = {isa = PBXBuildFile; fileRef = 3F5C691B216D2735004517A0 /* 5-seconds-of-silence.mp3 */; };
		3F5C6921216D4249004517A0 /* Hooded.mp3 in Resources */ = {isa = PBXBuildFile; fileRef = 3F5C6920216D4249004517A0 /* Hooded.mp3 */; };
		3F5C6926216E83A9004517A0 /* SequencePlayer.swift in Sources */ = {isa = PBXBuildFile; fileRef = 3F5C6925216E83A9004517A0 /* SequencePlayer.swift */; };
		3FD4CF1921750CB7006B078F /* Player.swift in Sources */ = {isa = PBXBuildFile; fileRef = 3FD4CF1821750CB7006B078F /* Player.swift */; };
		3FD4CF1B21763A04006B078F /* AudioPlayers.swift in Sources */ = {isa = PBXBuildFile; fileRef = 3FD4CF1A21763A04006B078F /* AudioPlayers.swift */; };
		3FDE9E1821688AD700AF3BEB /* AppDelegate.swift in Sources */ = {isa = PBXBuildFile; fileRef = 3FDE9E1721688AD700AF3BEB /* AppDelegate.swift */; };
		3FDE9E1A21688AD700AF3BEB /* ViewController.swift in Sources */ = {isa = PBXBuildFile; fileRef = 3FDE9E1921688AD700AF3BEB /* ViewController.swift */; };
		3FDE9E1D21688AD700AF3BEB /* Main.storyboard in Resources */ = {isa = PBXBuildFile; fileRef = 3FDE9E1B21688AD700AF3BEB /* Main.storyboard */; };
		3FDE9E1F21688AD800AF3BEB /* Assets.xcassets in Resources */ = {isa = PBXBuildFile; fileRef = 3FDE9E1E21688AD800AF3BEB /* Assets.xcassets */; };
		3FDE9E2221688AD800AF3BEB /* LaunchScreen.storyboard in Resources */ = {isa = PBXBuildFile; fileRef = 3FDE9E2021688AD800AF3BEB /* LaunchScreen.storyboard */; };
/* End PBXBuildFile section */

/* Begin PBXContainerItemProxy section */
		3F5C625F216937E0004517A0 /* PBXContainerItemProxy */ = {
			isa = PBXContainerItemProxy;
			containerPortal = 3FDE9E0C21688AD700AF3BEB /* Project object */;
			proxyType = 1;
			remoteGlobalIDString = 3F5C625C216937E0004517A0;
			remoteInfo = "Dash-Dot-Dash Watch Extension";
		};
		3F5C626C216937E0004517A0 /* PBXContainerItemProxy */ = {
			isa = PBXContainerItemProxy;
			containerPortal = 3FDE9E0C21688AD700AF3BEB /* Project object */;
			proxyType = 1;
			remoteGlobalIDString = 3F5C6250216937DF004517A0;
			remoteInfo = "Dash-Dot-Dash Watch";
		};
		3F5C68FA216AA4D0004517A0 /* PBXContainerItemProxy */ = {
			isa = PBXContainerItemProxy;
			containerPortal = 3FDE9E0C21688AD700AF3BEB /* Project object */;
			proxyType = 1;
			remoteGlobalIDString = 3FDE9E1321688AD700AF3BEB;
			remoteInfo = "Dash-Dot-Dash";
		};
/* End PBXContainerItemProxy section */

/* Begin PBXCopyFilesBuildPhase section */
		3F5C6272216937E0004517A0 /* Embed App Extensions */ = {
			isa = PBXCopyFilesBuildPhase;
			buildActionMask = 2147483647;
			dstPath = "";
			dstSubfolderSpec = 13;
			files = (
				3F5C625E216937E0004517A0 /* Dash-Dot-Dash Watch Extension.appex in Embed App Extensions */,
			);
			name = "Embed App Extensions";
			runOnlyForDeploymentPostprocessing = 0;
		};
		3F5C6276216937E0004517A0 /* Embed Watch Content */ = {
			isa = PBXCopyFilesBuildPhase;
			buildActionMask = 2147483647;
			dstPath = "$(CONTENTS_FOLDER_PATH)/Watch";
			dstSubfolderSpec = 16;
			files = (
				3F5C626E216937E0004517A0 /* Dash-Dot-Dash Watch.app in Embed Watch Content */,
			);
			name = "Embed Watch Content";
			runOnlyForDeploymentPostprocessing = 0;
		};
/* End PBXCopyFilesBuildPhase section */

/* Begin PBXFileReference section */
		3F5C6251216937DF004517A0 /* Dash-Dot-Dash Watch.app */ = {isa = PBXFileReference; explicitFileType = wrapper.application; includeInIndex = 0; path = "Dash-Dot-Dash Watch.app"; sourceTree = BUILT_PRODUCTS_DIR; };
		3F5C6254216937DF004517A0 /* Base */ = {isa = PBXFileReference; lastKnownFileType = file.storyboard; name = Base; path = Base.lproj/Interface.storyboard; sourceTree = "<group>"; };
		3F5C6256216937E0004517A0 /* Assets.xcassets */ = {isa = PBXFileReference; lastKnownFileType = folder.assetcatalog; path = Assets.xcassets; sourceTree = "<group>"; };
		3F5C6258216937E0004517A0 /* Info.plist */ = {isa = PBXFileReference; lastKnownFileType = text.plist.xml; path = Info.plist; sourceTree = "<group>"; };
		3F5C625D216937E0004517A0 /* Dash-Dot-Dash Watch Extension.appex */ = {isa = PBXFileReference; explicitFileType = "wrapper.app-extension"; includeInIndex = 0; path = "Dash-Dot-Dash Watch Extension.appex"; sourceTree = BUILT_PRODUCTS_DIR; };
		3F5C6262216937E0004517A0 /* InterfaceController.swift */ = {isa = PBXFileReference; lastKnownFileType = sourcecode.swift; path = InterfaceController.swift; sourceTree = "<group>"; };
		3F5C6264216937E0004517A0 /* ExtensionDelegate.swift */ = {isa = PBXFileReference; lastKnownFileType = sourcecode.swift; path = ExtensionDelegate.swift; sourceTree = "<group>"; };
		3F5C6266216937E0004517A0 /* NotificationController.swift */ = {isa = PBXFileReference; lastKnownFileType = sourcecode.swift; path = NotificationController.swift; sourceTree = "<group>"; };
		3F5C6268216937E0004517A0 /* Assets.xcassets */ = {isa = PBXFileReference; lastKnownFileType = folder.assetcatalog; path = Assets.xcassets; sourceTree = "<group>"; };
		3F5C626A216937E0004517A0 /* Info.plist */ = {isa = PBXFileReference; lastKnownFileType = text.plist.xml; path = Info.plist; sourceTree = "<group>"; };
		3F5C626B216937E0004517A0 /* PushNotificationPayload.apns */ = {isa = PBXFileReference; lastKnownFileType = text; path = PushNotificationPayload.apns; sourceTree = "<group>"; };
		3F5C627721699B4F004517A0 /* Dash-Dot-Dash.entitlements */ = {isa = PBXFileReference; lastKnownFileType = text.plist.entitlements; path = "Dash-Dot-Dash.entitlements"; sourceTree = "<group>"; };
		3F5C66C62169D58E004517A0 /* PushNotifier.swift */ = {isa = PBXFileReference; lastKnownFileType = sourcecode.swift; path = PushNotifier.swift; sourceTree = "<group>"; };
		3F5C66C92169E631004517A0 /* Constants.swift */ = {isa = PBXFileReference; lastKnownFileType = sourcecode.swift; path = Constants.swift; sourceTree = "<group>"; };
		3F5C68EF216A9E83004517A0 /* NotificationHandler.swift */ = {isa = PBXFileReference; lastKnownFileType = sourcecode.swift; path = NotificationHandler.swift; sourceTree = "<group>"; };
		3F5C68F5216AA4D0004517A0 /* Dash-Dot-Dash Tests.xctest */ = {isa = PBXFileReference; explicitFileType = wrapper.cfbundle; includeInIndex = 0; path = "Dash-Dot-Dash Tests.xctest"; sourceTree = BUILT_PRODUCTS_DIR; };
		3F5C68F9216AA4D0004517A0 /* Info.plist */ = {isa = PBXFileReference; lastKnownFileType = text.plist.xml; path = Info.plist; sourceTree = "<group>"; };
		3F5C6901216AA525004517A0 /* PushNotifierTests.swift */ = {isa = PBXFileReference; lastKnownFileType = sourcecode.swift; path = PushNotifierTests.swift; sourceTree = "<group>"; };
		3F5C6903216AA749004517A0 /* Mock Objects.swift */ = {isa = PBXFileReference; lastKnownFileType = sourcecode.swift; path = "Mock Objects.swift"; sourceTree = "<group>"; };
		3F5C6905216AC44A004517A0 /* NotificationHandlerTests.swift */ = {isa = PBXFileReference; lastKnownFileType = sourcecode.swift; path = NotificationHandlerTests.swift; sourceTree = "<group>"; };
		3F5C6909216BEB30004517A0 /* InteractiveNotificationController.swift */ = {isa = PBXFileReference; lastKnownFileType = sourcecode.swift; path = InteractiveNotificationController.swift; sourceTree = "<group>"; };
		3F5C6919216D0A74004517A0 /* WatchAudioPlayer.swift */ = {isa = PBXFileReference; lastKnownFileType = sourcecode.swift; path = WatchAudioPlayer.swift; sourceTree = "<group>"; };
		3F5C691B216D2735004517A0 /* 5-seconds-of-silence.mp3 */ = {isa = PBXFileReference; lastKnownFileType = audio.mp3; path = "5-seconds-of-silence.mp3"; sourceTree = "<group>"; };
		3F5C6920216D4249004517A0 /* Hooded.mp3 */ = {isa = PBXFileReference; lastKnownFileType = audio.mp3; path = Hooded.mp3; sourceTree = "<group>"; };
		3F5C6925216E83A9004517A0 /* SequencePlayer.swift */ = {isa = PBXFileReference; lastKnownFileType = sourcecode.swift; path = SequencePlayer.swift; sourceTree = "<group>"; };
		3FD4CF1821750CB7006B078F /* Player.swift */ = {isa = PBXFileReference; lastKnownFileType = sourcecode.swift; path = Player.swift; sourceTree = "<group>"; };
		3FD4CF1A21763A04006B078F /* AudioPlayers.swift */ = {isa = PBXFileReference; lastKnownFileType = sourcecode.swift; path = AudioPlayers.swift; sourceTree = "<group>"; };
		3FDE9E1421688AD700AF3BEB /* Dash-Dot-Dash.app */ = {isa = PBXFileReference; explicitFileType = wrapper.application; includeInIndex = 0; path = "Dash-Dot-Dash.app"; sourceTree = BUILT_PRODUCTS_DIR; };
		3FDE9E1721688AD700AF3BEB /* AppDelegate.swift */ = {isa = PBXFileReference; lastKnownFileType = sourcecode.swift; path = AppDelegate.swift; sourceTree = "<group>"; };
		3FDE9E1921688AD700AF3BEB /* ViewController.swift */ = {isa = PBXFileReference; lastKnownFileType = sourcecode.swift; path = ViewController.swift; sourceTree = "<group>"; };
		3FDE9E1C21688AD700AF3BEB /* Base */ = {isa = PBXFileReference; lastKnownFileType = file.storyboard; name = Base; path = Base.lproj/Main.storyboard; sourceTree = "<group>"; };
		3FDE9E1E21688AD800AF3BEB /* Assets.xcassets */ = {isa = PBXFileReference; lastKnownFileType = folder.assetcatalog; path = Assets.xcassets; sourceTree = "<group>"; };
		3FDE9E2121688AD800AF3BEB /* Base */ = {isa = PBXFileReference; lastKnownFileType = file.storyboard; name = Base; path = Base.lproj/LaunchScreen.storyboard; sourceTree = "<group>"; };
		3FDE9E2321688AD800AF3BEB /* Info.plist */ = {isa = PBXFileReference; lastKnownFileType = text.plist.xml; path = Info.plist; sourceTree = "<group>"; };
/* End PBXFileReference section */

/* Begin PBXFrameworksBuildPhase section */
		3F5C625A216937E0004517A0 /* Frameworks */ = {
			isa = PBXFrameworksBuildPhase;
			buildActionMask = 2147483647;
			files = (
			);
			runOnlyForDeploymentPostprocessing = 0;
		};
		3F5C68F2216AA4D0004517A0 /* Frameworks */ = {
			isa = PBXFrameworksBuildPhase;
			buildActionMask = 2147483647;
			files = (
			);
			runOnlyForDeploymentPostprocessing = 0;
		};
		3FDE9E1121688AD700AF3BEB /* Frameworks */ = {
			isa = PBXFrameworksBuildPhase;
			buildActionMask = 2147483647;
			files = (
			);
			runOnlyForDeploymentPostprocessing = 0;
		};
/* End PBXFrameworksBuildPhase section */

/* Begin PBXGroup section */
		3F5C6252216937DF004517A0 /* Dash-Dot-Dash Watch */ = {
			isa = PBXGroup;
			children = (
				3F5C690B216D0559004517A0 /* Resources */,
				3F5C690C216D0569004517A0 /* Storyboards */,
				3F5C690D216D0593004517A0 /* Supporting Files */,
			);
			path = "Dash-Dot-Dash Watch";
			sourceTree = "<group>";
		};
		3F5C6261216937E0004517A0 /* Dash-Dot-Dash Watch Extension */ = {
			isa = PBXGroup;
			children = (
				3F5C6910216D066F004517A0 /* Application Main */,
				3F5C6911216D06A8004517A0 /* Features */,
				3F5C690F216D063B004517A0 /* Resources */,
				3F5C690E216D0613004517A0 /* Supporting Files */,
			);
			path = "Dash-Dot-Dash Watch Extension";
			sourceTree = "<group>";
		};
		3F5C627821699E18004517A0 /* Supporting Files */ = {
			isa = PBXGroup;
			children = (
				3F5C627721699B4F004517A0 /* Dash-Dot-Dash.entitlements */,
				3FDE9E2321688AD800AF3BEB /* Info.plist */,
			);
			path = "Supporting Files";
			sourceTree = "<group>";
		};
		3F5C627921699ECC004517A0 /* Storyboards */ = {
			isa = PBXGroup;
			children = (
				3FDE9E2021688AD800AF3BEB /* LaunchScreen.storyboard */,
				3FDE9E1B21688AD700AF3BEB /* Main.storyboard */,
			);
			path = Storyboards;
			sourceTree = "<group>";
		};
		3F5C627A21699EFF004517A0 /* Resources */ = {
			isa = PBXGroup;
			children = (
				3FDE9E1E21688AD800AF3BEB /* Assets.xcassets */,
			);
			path = Resources;
			sourceTree = "<group>";
		};
		3F5C627B21699F13004517A0 /* Application Main */ = {
			isa = PBXGroup;
			children = (
				3FDE9E1721688AD700AF3BEB /* AppDelegate.swift */,
			);
			path = "Application Main";
			sourceTree = "<group>";
		};
		3F5C627C21699F2F004517A0 /* Features */ = {
			isa = PBXGroup;
			children = (
				3F5C66C82169E608004517A0 /* Networking */,
				3F5C66C52169D4D6004517A0 /* Push Notifications */,
				3F5C66C42169D4C8004517A0 /* UI */,
			);
			path = Features;
			sourceTree = "<group>";
		};
		3F5C66C42169D4C8004517A0 /* UI */ = {
			isa = PBXGroup;
			children = (
				3FDE9E1921688AD700AF3BEB /* ViewController.swift */,
			);
			path = UI;
			sourceTree = "<group>";
		};
		3F5C66C52169D4D6004517A0 /* Push Notifications */ = {
			isa = PBXGroup;
			children = (
				3F5C68EF216A9E83004517A0 /* NotificationHandler.swift */,
				3F5C66C62169D58E004517A0 /* PushNotifier.swift */,
			);
			path = "Push Notifications";
			sourceTree = "<group>";
		};
		3F5C66C82169E608004517A0 /* Networking */ = {
			isa = PBXGroup;
			children = (
				3F5C66C92169E631004517A0 /* Constants.swift */,
			);
			path = Networking;
			sourceTree = "<group>";
		};
		3F5C68F6216AA4D0004517A0 /* Dash-Dot-Dash Tests */ = {
			isa = PBXGroup;
			children = (
				3F5C68FF216AA4F0004517A0 /* Features */,
				3F5C6917216D089F004517A0 /* Mocks */,
				3F5C6916216D0722004517A0 /* Supporting Files */,
			);
			path = "Dash-Dot-Dash Tests";
			sourceTree = "<group>";
		};
		3F5C68FF216AA4F0004517A0 /* Features */ = {
			isa = PBXGroup;
			children = (
				3F5C6900216AA4FB004517A0 /* Push Notifications */,
			);
			path = Features;
			sourceTree = "<group>";
		};
		3F5C6900216AA4FB004517A0 /* Push Notifications */ = {
			isa = PBXGroup;
			children = (
				3F5C6901216AA525004517A0 /* PushNotifierTests.swift */,
				3F5C6905216AC44A004517A0 /* NotificationHandlerTests.swift */,
			);
			path = "Push Notifications";
			sourceTree = "<group>";
		};
		3F5C690B216D0559004517A0 /* Resources */ = {
			isa = PBXGroup;
			children = (
				3F5C6256216937E0004517A0 /* Assets.xcassets */,
			);
			path = Resources;
			sourceTree = "<group>";
		};
		3F5C690C216D0569004517A0 /* Storyboards */ = {
			isa = PBXGroup;
			children = (
				3F5C6253216937DF004517A0 /* Interface.storyboard */,
			);
			path = Storyboards;
			sourceTree = "<group>";
		};
		3F5C690D216D0593004517A0 /* Supporting Files */ = {
			isa = PBXGroup;
			children = (
				3F5C6258216937E0004517A0 /* Info.plist */,
			);
			path = "Supporting Files";
			sourceTree = "<group>";
		};
		3F5C690E216D0613004517A0 /* Supporting Files */ = {
			isa = PBXGroup;
			children = (
				3F5C626B216937E0004517A0 /* PushNotificationPayload.apns */,
				3F5C626A216937E0004517A0 /* Info.plist */,
			);
			path = "Supporting Files";
			sourceTree = "<group>";
		};
		3F5C690F216D063B004517A0 /* Resources */ = {
			isa = PBXGroup;
			children = (
				3F5C6920216D4249004517A0 /* Hooded.mp3 */,
				3F5C691B216D2735004517A0 /* 5-seconds-of-silence.mp3 */,
				3F5C6268216937E0004517A0 /* Assets.xcassets */,
			);
			path = Resources;
			sourceTree = "<group>";
		};
		3F5C6910216D066F004517A0 /* Application Main */ = {
			isa = PBXGroup;
			children = (
				3F5C6264216937E0004517A0 /* ExtensionDelegate.swift */,
			);
			path = "Application Main";
			sourceTree = "<group>";
		};
		3F5C6911216D06A8004517A0 /* Features */ = {
			isa = PBXGroup;
			children = (
				3FD4CF1721750C9D006B078F /* Audio Players */,
				3F5C6912216D06B5004517A0 /* App UI */,
				3F5C6913216D06E1004517A0 /* Notifications */,
				3F5C6922216E837D004517A0 /* Sequence Player */,
				3F5C6918216D0A4C004517A0 /* Watch Audio Player */,
			);
			path = Features;
			sourceTree = "<group>";
		};
		3F5C6912216D06B5004517A0 /* App UI */ = {
			isa = PBXGroup;
			children = (
				3F5C6262216937E0004517A0 /* InterfaceController.swift */,
			);
			path = "App UI";
			sourceTree = "<group>";
		};
		3F5C6913216D06E1004517A0 /* Notifications */ = {
			isa = PBXGroup;
			children = (
				3F5C6915216D06F5004517A0 /* Dynamic Interactive Notifications */,
				3F5C6914216D06EA004517A0 /* Dynamic Notifications */,
			);
			path = Notifications;
			sourceTree = "<group>";
		};
		3F5C6914216D06EA004517A0 /* Dynamic Notifications */ = {
			isa = PBXGroup;
			children = (
				3F5C6266216937E0004517A0 /* NotificationController.swift */,
			);
			path = "Dynamic Notifications";
			sourceTree = "<group>";
		};
		3F5C6915216D06F5004517A0 /* Dynamic Interactive Notifications */ = {
			isa = PBXGroup;
			children = (
				3F5C6909216BEB30004517A0 /* InteractiveNotificationController.swift */,
			);
			path = "Dynamic Interactive Notifications";
			sourceTree = "<group>";
		};
		3F5C6916216D0722004517A0 /* Supporting Files */ = {
			isa = PBXGroup;
			children = (
				3F5C68F9216AA4D0004517A0 /* Info.plist */,
			);
			path = "Supporting Files";
			sourceTree = "<group>";
		};
		3F5C6917216D089F004517A0 /* Mocks */ = {
			isa = PBXGroup;
			children = (
				3F5C6903216AA749004517A0 /* Mock Objects.swift */,
			);
			path = Mocks;
			sourceTree = "<group>";
		};
		3F5C6918216D0A4C004517A0 /* Watch Audio Player */ = {
			isa = PBXGroup;
			children = (
				3F5C6919216D0A74004517A0 /* WatchAudioPlayer.swift */,
			);
			path = "Watch Audio Player";
			sourceTree = "<group>";
		};
		3F5C6922216E837D004517A0 /* Sequence Player */ = {
			isa = PBXGroup;
			children = (
				3F5C6925216E83A9004517A0 /* SequencePlayer.swift */,
			);
			path = "Sequence Player";
			sourceTree = "<group>";
		};
		3FD4CF1721750C9D006B078F /* Audio Players */ = {
			isa = PBXGroup;
			children = (
				3FD4CF1A21763A04006B078F /* AudioPlayers.swift */,
				3FD4CF1821750CB7006B078F /* Player.swift */,
			);
			path = "Audio Players";
			sourceTree = "<group>";
		};
		3FDE9E0B21688AD700AF3BEB = {
			isa = PBXGroup;
			children = (
				3FDE9E1621688AD700AF3BEB /* Dash-Dot-Dash */,
				3F5C6252216937DF004517A0 /* Dash-Dot-Dash Watch */,
				3F5C6261216937E0004517A0 /* Dash-Dot-Dash Watch Extension */,
				3F5C68F6216AA4D0004517A0 /* Dash-Dot-Dash Tests */,
				3FDE9E1521688AD700AF3BEB /* Products */,
			);
			sourceTree = "<group>";
		};
		3FDE9E1521688AD700AF3BEB /* Products */ = {
			isa = PBXGroup;
			children = (
				3FDE9E1421688AD700AF3BEB /* Dash-Dot-Dash.app */,
				3F5C6251216937DF004517A0 /* Dash-Dot-Dash Watch.app */,
				3F5C625D216937E0004517A0 /* Dash-Dot-Dash Watch Extension.appex */,
				3F5C68F5216AA4D0004517A0 /* Dash-Dot-Dash Tests.xctest */,
			);
			name = Products;
			sourceTree = "<group>";
		};
		3FDE9E1621688AD700AF3BEB /* Dash-Dot-Dash */ = {
			isa = PBXGroup;
			children = (
				3F5C627B21699F13004517A0 /* Application Main */,
				3F5C627C21699F2F004517A0 /* Features */,
				3F5C627A21699EFF004517A0 /* Resources */,
				3F5C627921699ECC004517A0 /* Storyboards */,
				3F5C627821699E18004517A0 /* Supporting Files */,
			);
			path = "Dash-Dot-Dash";
			sourceTree = "<group>";
		};
/* End PBXGroup section */

/* Begin PBXNativeTarget section */
		3F5C6250216937DF004517A0 /* Dash-Dot-Dash Watch */ = {
			isa = PBXNativeTarget;
			buildConfigurationList = 3F5C6273216937E0004517A0 /* Build configuration list for PBXNativeTarget "Dash-Dot-Dash Watch" */;
			buildPhases = (
				3F5C624F216937DF004517A0 /* Resources */,
				3F5C6272216937E0004517A0 /* Embed App Extensions */,
			);
			buildRules = (
			);
			dependencies = (
				3F5C6260216937E0004517A0 /* PBXTargetDependency */,
			);
			name = "Dash-Dot-Dash Watch";
			productName = "Dash-Dot-Dash Watch";
			productReference = 3F5C6251216937DF004517A0 /* Dash-Dot-Dash Watch.app */;
			productType = "com.apple.product-type.application.watchapp2";
		};
		3F5C625C216937E0004517A0 /* Dash-Dot-Dash Watch Extension */ = {
			isa = PBXNativeTarget;
			buildConfigurationList = 3F5C626F216937E0004517A0 /* Build configuration list for PBXNativeTarget "Dash-Dot-Dash Watch Extension" */;
			buildPhases = (
				3F5C6259216937E0004517A0 /* Sources */,
				3F5C625A216937E0004517A0 /* Frameworks */,
				3F5C625B216937E0004517A0 /* Resources */,
			);
			buildRules = (
			);
			dependencies = (
			);
			name = "Dash-Dot-Dash Watch Extension";
			productName = "Dash-Dot-Dash Watch Extension";
			productReference = 3F5C625D216937E0004517A0 /* Dash-Dot-Dash Watch Extension.appex */;
			productType = "com.apple.product-type.watchkit2-extension";
		};
		3F5C68F4216AA4D0004517A0 /* Dash-Dot-Dash Tests */ = {
			isa = PBXNativeTarget;
			buildConfigurationList = 3F5C68FC216AA4D0004517A0 /* Build configuration list for PBXNativeTarget "Dash-Dot-Dash Tests" */;
			buildPhases = (
				3F5C68F1216AA4D0004517A0 /* Sources */,
				3F5C68F2216AA4D0004517A0 /* Frameworks */,
				3F5C68F3216AA4D0004517A0 /* Resources */,
			);
			buildRules = (
			);
			dependencies = (
				3F5C68FB216AA4D0004517A0 /* PBXTargetDependency */,
			);
			name = "Dash-Dot-Dash Tests";
			productName = "Dash-Dot-Dash Tests";
			productReference = 3F5C68F5216AA4D0004517A0 /* Dash-Dot-Dash Tests.xctest */;
			productType = "com.apple.product-type.bundle.unit-test";
		};
		3FDE9E1321688AD700AF3BEB /* Dash-Dot-Dash */ = {
			isa = PBXNativeTarget;
			buildConfigurationList = 3FDE9E2621688AD800AF3BEB /* Build configuration list for PBXNativeTarget "Dash-Dot-Dash" */;
			buildPhases = (
				3FDE9E1021688AD700AF3BEB /* Sources */,
				3FDE9E1121688AD700AF3BEB /* Frameworks */,
				3FDE9E1221688AD700AF3BEB /* Resources */,
				3F5C6276216937E0004517A0 /* Embed Watch Content */,
			);
			buildRules = (
			);
			dependencies = (
				3F5C626D216937E0004517A0 /* PBXTargetDependency */,
			);
			name = "Dash-Dot-Dash";
			productName = "Dash-Dot-Dash";
			productReference = 3FDE9E1421688AD700AF3BEB /* Dash-Dot-Dash.app */;
			productType = "com.apple.product-type.application";
		};
/* End PBXNativeTarget section */

/* Begin PBXProject section */
		3FDE9E0C21688AD700AF3BEB /* Project object */ = {
			isa = PBXProject;
			attributes = {
				LastSwiftUpdateCheck = 1010;
				LastUpgradeCheck = 1010;
				ORGANIZATIONNAME = "Giorgio Ruscigno";
				TargetAttributes = {
					3F5C6250216937DF004517A0 = {
						CreatedOnToolsVersion = 10.1;
					};
					3F5C625C216937E0004517A0 = {
						CreatedOnToolsVersion = 10.1;
					};
					3F5C68F4216AA4D0004517A0 = {
						CreatedOnToolsVersion = 10.1;
						TestTargetID = 3FDE9E1321688AD700AF3BEB;
					};
					3FDE9E1321688AD700AF3BEB = {
						CreatedOnToolsVersion = 10.1;
						SystemCapabilities = {
							com.apple.Push = {
								enabled = 1;
							};
						};
					};
				};
			};
			buildConfigurationList = 3FDE9E0F21688AD700AF3BEB /* Build configuration list for PBXProject "Dash-Dot-Dash" */;
			compatibilityVersion = "Xcode 9.3";
			developmentRegion = en;
			hasScannedForEncodings = 0;
			knownRegions = (
				en,
				Base,
			);
			mainGroup = 3FDE9E0B21688AD700AF3BEB;
			productRefGroup = 3FDE9E1521688AD700AF3BEB /* Products */;
			projectDirPath = "";
			projectRoot = "";
			targets = (
				3FDE9E1321688AD700AF3BEB /* Dash-Dot-Dash */,
				3F5C6250216937DF004517A0 /* Dash-Dot-Dash Watch */,
				3F5C625C216937E0004517A0 /* Dash-Dot-Dash Watch Extension */,
				3F5C68F4216AA4D0004517A0 /* Dash-Dot-Dash Tests */,
			);
		};
/* End PBXProject section */

/* Begin PBXResourcesBuildPhase section */
		3F5C624F216937DF004517A0 /* Resources */ = {
			isa = PBXResourcesBuildPhase;
			buildActionMask = 2147483647;
			files = (
				3F5C6257216937E0004517A0 /* Assets.xcassets in Resources */,
				3F5C6255216937DF004517A0 /* Interface.storyboard in Resources */,
			);
			runOnlyForDeploymentPostprocessing = 0;
		};
		3F5C625B216937E0004517A0 /* Resources */ = {
			isa = PBXResourcesBuildPhase;
			buildActionMask = 2147483647;
			files = (
				3F5C6269216937E0004517A0 /* Assets.xcassets in Resources */,
				3F5C691C216D2735004517A0 /* 5-seconds-of-silence.mp3 in Resources */,
				3F5C6921216D4249004517A0 /* Hooded.mp3 in Resources */,
			);
			runOnlyForDeploymentPostprocessing = 0;
		};
		3F5C68F3216AA4D0004517A0 /* Resources */ = {
			isa = PBXResourcesBuildPhase;
			buildActionMask = 2147483647;
			files = (
			);
			runOnlyForDeploymentPostprocessing = 0;
		};
		3FDE9E1221688AD700AF3BEB /* Resources */ = {
			isa = PBXResourcesBuildPhase;
			buildActionMask = 2147483647;
			files = (
				3FDE9E2221688AD800AF3BEB /* LaunchScreen.storyboard in Resources */,
				3FDE9E1F21688AD800AF3BEB /* Assets.xcassets in Resources */,
				3FDE9E1D21688AD700AF3BEB /* Main.storyboard in Resources */,
			);
			runOnlyForDeploymentPostprocessing = 0;
		};
/* End PBXResourcesBuildPhase section */

/* Begin PBXSourcesBuildPhase section */
		3F5C6259216937E0004517A0 /* Sources */ = {
			isa = PBXSourcesBuildPhase;
			buildActionMask = 2147483647;
			files = (
				3F5C6267216937E0004517A0 /* NotificationController.swift in Sources */,
				3F5C6265216937E0004517A0 /* ExtensionDelegate.swift in Sources */,
				3FD4CF1921750CB7006B078F /* Player.swift in Sources */,
				3F5C6263216937E0004517A0 /* InterfaceController.swift in Sources */,
				3F5C690A216BEB30004517A0 /* InteractiveNotificationController.swift in Sources */,
				3F5C691A216D0A74004517A0 /* WatchAudioPlayer.swift in Sources */,
				3F5C6926216E83A9004517A0 /* SequencePlayer.swift in Sources */,
				3FD4CF1B21763A04006B078F /* AudioPlayers.swift in Sources */,
			);
			runOnlyForDeploymentPostprocessing = 0;
		};
		3F5C68F1216AA4D0004517A0 /* Sources */ = {
			isa = PBXSourcesBuildPhase;
			buildActionMask = 2147483647;
			files = (
				3F5C6906216AC44A004517A0 /* NotificationHandlerTests.swift in Sources */,
				3F5C6902216AA525004517A0 /* PushNotifierTests.swift in Sources */,
				3F5C6904216AA749004517A0 /* Mock Objects.swift in Sources */,
			);
			runOnlyForDeploymentPostprocessing = 0;
		};
		3FDE9E1021688AD700AF3BEB /* Sources */ = {
			isa = PBXSourcesBuildPhase;
			buildActionMask = 2147483647;
			files = (
				3F5C68F0216A9E83004517A0 /* NotificationHandler.swift in Sources */,
				3FDE9E1A21688AD700AF3BEB /* ViewController.swift in Sources */,
				3FDE9E1821688AD700AF3BEB /* AppDelegate.swift in Sources */,
				3F5C66C72169D58E004517A0 /* PushNotifier.swift in Sources */,
				3F5C66CA2169E631004517A0 /* Constants.swift in Sources */,
			);
			runOnlyForDeploymentPostprocessing = 0;
		};
/* End PBXSourcesBuildPhase section */

/* Begin PBXTargetDependency section */
		3F5C6260216937E0004517A0 /* PBXTargetDependency */ = {
			isa = PBXTargetDependency;
			target = 3F5C625C216937E0004517A0 /* Dash-Dot-Dash Watch Extension */;
			targetProxy = 3F5C625F216937E0004517A0 /* PBXContainerItemProxy */;
		};
		3F5C626D216937E0004517A0 /* PBXTargetDependency */ = {
			isa = PBXTargetDependency;
			target = 3F5C6250216937DF004517A0 /* Dash-Dot-Dash Watch */;
			targetProxy = 3F5C626C216937E0004517A0 /* PBXContainerItemProxy */;
		};
		3F5C68FB216AA4D0004517A0 /* PBXTargetDependency */ = {
			isa = PBXTargetDependency;
			target = 3FDE9E1321688AD700AF3BEB /* Dash-Dot-Dash */;
			targetProxy = 3F5C68FA216AA4D0004517A0 /* PBXContainerItemProxy */;
		};
/* End PBXTargetDependency section */

/* Begin PBXVariantGroup section */
		3F5C6253216937DF004517A0 /* Interface.storyboard */ = {
			isa = PBXVariantGroup;
			children = (
				3F5C6254216937DF004517A0 /* Base */,
			);
			name = Interface.storyboard;
			sourceTree = "<group>";
		};
		3FDE9E1B21688AD700AF3BEB /* Main.storyboard */ = {
			isa = PBXVariantGroup;
			children = (
				3FDE9E1C21688AD700AF3BEB /* Base */,
			);
			name = Main.storyboard;
			sourceTree = "<group>";
		};
		3FDE9E2021688AD800AF3BEB /* LaunchScreen.storyboard */ = {
			isa = PBXVariantGroup;
			children = (
				3FDE9E2121688AD800AF3BEB /* Base */,
			);
			name = LaunchScreen.storyboard;
			sourceTree = "<group>";
		};
/* End PBXVariantGroup section */

/* Begin XCBuildConfiguration section */
		3F5C6270216937E0004517A0 /* Debug */ = {
			isa = XCBuildConfiguration;
			buildSettings = {
				ASSETCATALOG_COMPILER_COMPLICATION_NAME = Complication;
				CODE_SIGN_STYLE = Automatic;
				DEVELOPMENT_TEAM = H7HAT4WQVC;
				INFOPLIST_FILE = "$(SRCROOT)/Dash-Dot-Dash Watch Extension/Supporting Files/Info.plist";
				LD_RUNPATH_SEARCH_PATHS = (
					"$(inherited)",
					"@executable_path/Frameworks",
					"@executable_path/../../Frameworks",
				);
				PRODUCT_BUNDLE_IDENTIFIER = "com.gio.Dash-Dot-Dash.watchkitapp.watchkitextension";
				PRODUCT_NAME = "${TARGET_NAME}";
				SDKROOT = watchos;
				SKIP_INSTALL = YES;
				SWIFT_VERSION = 4.2;
				TARGETED_DEVICE_FAMILY = 4;
				WATCHOS_DEPLOYMENT_TARGET = 5.0;
			};
			name = Debug;
		};
		3F5C6271216937E0004517A0 /* Release */ = {
			isa = XCBuildConfiguration;
			buildSettings = {
				ASSETCATALOG_COMPILER_COMPLICATION_NAME = Complication;
				CODE_SIGN_STYLE = Automatic;
				DEVELOPMENT_TEAM = H7HAT4WQVC;
				INFOPLIST_FILE = "$(SRCROOT)/Dash-Dot-Dash Watch Extension/Supporting Files/Info.plist";
				LD_RUNPATH_SEARCH_PATHS = (
					"$(inherited)",
					"@executable_path/Frameworks",
					"@executable_path/../../Frameworks",
				);
				PRODUCT_BUNDLE_IDENTIFIER = "com.gio.Dash-Dot-Dash.watchkitapp.watchkitextension";
				PRODUCT_NAME = "${TARGET_NAME}";
				SDKROOT = watchos;
				SKIP_INSTALL = YES;
				SWIFT_VERSION = 4.2;
				TARGETED_DEVICE_FAMILY = 4;
				WATCHOS_DEPLOYMENT_TARGET = 5.0;
			};
			name = Release;
		};
		3F5C6274216937E0004517A0 /* Debug */ = {
			isa = XCBuildConfiguration;
			buildSettings = {
				ALWAYS_EMBED_SWIFT_STANDARD_LIBRARIES = YES;
				ASSETCATALOG_COMPILER_APPICON_NAME = AppIcon;
				CODE_SIGN_STYLE = Automatic;
				DEVELOPMENT_TEAM = H7HAT4WQVC;
				IBSC_MODULE = Dash_Dot_Dash_Watch_Extension;
				INFOPLIST_FILE = "$(SRCROOT)/Dash-Dot-Dash Watch/Supporting Files/Info.plist";
				PRODUCT_BUNDLE_IDENTIFIER = "com.gio.Dash-Dot-Dash.watchkitapp";
				PRODUCT_NAME = "$(TARGET_NAME)";
				SDKROOT = watchos;
				SKIP_INSTALL = YES;
				SWIFT_VERSION = 4.2;
				TARGETED_DEVICE_FAMILY = 4;
				WATCHOS_DEPLOYMENT_TARGET = 5.0;
			};
			name = Debug;
		};
		3F5C6275216937E0004517A0 /* Release */ = {
			isa = XCBuildConfiguration;
			buildSettings = {
				ALWAYS_EMBED_SWIFT_STANDARD_LIBRARIES = YES;
				ASSETCATALOG_COMPILER_APPICON_NAME = AppIcon;
				CODE_SIGN_STYLE = Automatic;
				DEVELOPMENT_TEAM = H7HAT4WQVC;
				IBSC_MODULE = Dash_Dot_Dash_Watch_Extension;
				INFOPLIST_FILE = "$(SRCROOT)/Dash-Dot-Dash Watch/Supporting Files/Info.plist";
				PRODUCT_BUNDLE_IDENTIFIER = "com.gio.Dash-Dot-Dash.watchkitapp";
				PRODUCT_NAME = "$(TARGET_NAME)";
				SDKROOT = watchos;
				SKIP_INSTALL = YES;
				SWIFT_VERSION = 4.2;
				TARGETED_DEVICE_FAMILY = 4;
				WATCHOS_DEPLOYMENT_TARGET = 5.0;
			};
			name = Release;
		};
		3F5C68FD216AA4D0004517A0 /* Debug */ = {
			isa = XCBuildConfiguration;
			buildSettings = {
				BUNDLE_LOADER = "$(TEST_HOST)";
				CODE_SIGN_STYLE = Automatic;
				DEVELOPMENT_TEAM = H7HAT4WQVC;
				INFOPLIST_FILE = "Dash-Dot-Dash Tests/Supporting Files/Info.plist";
				IPHONEOS_DEPLOYMENT_TARGET = 12.1;
				LD_RUNPATH_SEARCH_PATHS = (
					"$(inherited)",
					"@executable_path/Frameworks",
					"@loader_path/Frameworks",
				);
				PRODUCT_BUNDLE_IDENTIFIER = "com.gio.Dash-Dot-Dash-Tests";
				PRODUCT_NAME = "$(TARGET_NAME)";
				SWIFT_VERSION = 4.2;
				TARGETED_DEVICE_FAMILY = "1,2";
				TEST_HOST = "$(BUILT_PRODUCTS_DIR)/Dash-Dot-Dash.app/Dash-Dot-Dash";
			};
			name = Debug;
		};
		3F5C68FE216AA4D0004517A0 /* Release */ = {
			isa = XCBuildConfiguration;
			buildSettings = {
				BUNDLE_LOADER = "$(TEST_HOST)";
				CODE_SIGN_STYLE = Automatic;
				DEVELOPMENT_TEAM = H7HAT4WQVC;
				INFOPLIST_FILE = "Dash-Dot-Dash Tests/Supporting Files/Info.plist";
				IPHONEOS_DEPLOYMENT_TARGET = 12.1;
				LD_RUNPATH_SEARCH_PATHS = (
					"$(inherited)",
					"@executable_path/Frameworks",
					"@loader_path/Frameworks",
				);
				PRODUCT_BUNDLE_IDENTIFIER = "com.gio.Dash-Dot-Dash-Tests";
				PRODUCT_NAME = "$(TARGET_NAME)";
				SWIFT_VERSION = 4.2;
				TARGETED_DEVICE_FAMILY = "1,2";
				TEST_HOST = "$(BUILT_PRODUCTS_DIR)/Dash-Dot-Dash.app/Dash-Dot-Dash";
			};
			name = Release;
		};
		3FDE9E2421688AD800AF3BEB /* Debug */ = {
			isa = XCBuildConfiguration;
			buildSettings = {
				ALWAYS_SEARCH_USER_PATHS = NO;
				CLANG_ANALYZER_NONNULL = YES;
				CLANG_ANALYZER_NUMBER_OBJECT_CONVERSION = YES_AGGRESSIVE;
				CLANG_CXX_LANGUAGE_STANDARD = "gnu++14";
				CLANG_CXX_LIBRARY = "libc++";
				CLANG_ENABLE_MODULES = YES;
				CLANG_ENABLE_OBJC_ARC = YES;
				CLANG_ENABLE_OBJC_WEAK = YES;
				CLANG_WARN_BLOCK_CAPTURE_AUTORELEASING = YES;
				CLANG_WARN_BOOL_CONVERSION = YES;
				CLANG_WARN_COMMA = YES;
				CLANG_WARN_CONSTANT_CONVERSION = YES;
				CLANG_WARN_DEPRECATED_OBJC_IMPLEMENTATIONS = YES;
				CLANG_WARN_DIRECT_OBJC_ISA_USAGE = YES_ERROR;
				CLANG_WARN_DOCUMENTATION_COMMENTS = YES;
				CLANG_WARN_EMPTY_BODY = YES;
				CLANG_WARN_ENUM_CONVERSION = YES;
				CLANG_WARN_INFINITE_RECURSION = YES;
				CLANG_WARN_INT_CONVERSION = YES;
				CLANG_WARN_NON_LITERAL_NULL_CONVERSION = YES;
				CLANG_WARN_OBJC_IMPLICIT_RETAIN_SELF = YES;
				CLANG_WARN_OBJC_LITERAL_CONVERSION = YES;
				CLANG_WARN_OBJC_ROOT_CLASS = YES_ERROR;
				CLANG_WARN_RANGE_LOOP_ANALYSIS = YES;
				CLANG_WARN_STRICT_PROTOTYPES = YES;
				CLANG_WARN_SUSPICIOUS_MOVE = YES;
				CLANG_WARN_UNGUARDED_AVAILABILITY = YES_AGGRESSIVE;
				CLANG_WARN_UNREACHABLE_CODE = YES;
				CLANG_WARN__DUPLICATE_METHOD_MATCH = YES;
				CODE_SIGN_IDENTITY = "iPhone Developer";
				COPY_PHASE_STRIP = NO;
				DEBUG_INFORMATION_FORMAT = dwarf;
				ENABLE_STRICT_OBJC_MSGSEND = YES;
				ENABLE_TESTABILITY = YES;
				GCC_C_LANGUAGE_STANDARD = gnu11;
				GCC_DYNAMIC_NO_PIC = NO;
				GCC_NO_COMMON_BLOCKS = YES;
				GCC_OPTIMIZATION_LEVEL = 0;
				GCC_PREPROCESSOR_DEFINITIONS = (
					"DEBUG=1",
					"$(inherited)",
				);
				GCC_WARN_64_TO_32_BIT_CONVERSION = YES;
				GCC_WARN_ABOUT_RETURN_TYPE = YES_ERROR;
				GCC_WARN_UNDECLARED_SELECTOR = YES;
				GCC_WARN_UNINITIALIZED_AUTOS = YES_AGGRESSIVE;
				GCC_WARN_UNUSED_FUNCTION = YES;
				GCC_WARN_UNUSED_VARIABLE = YES;
				IPHONEOS_DEPLOYMENT_TARGET = 12.0;
				MTL_ENABLE_DEBUG_INFO = INCLUDE_SOURCE;
				MTL_FAST_MATH = YES;
				ONLY_ACTIVE_ARCH = YES;
				SDKROOT = iphoneos;
				SWIFT_ACTIVE_COMPILATION_CONDITIONS = DEBUG;
				SWIFT_OPTIMIZATION_LEVEL = "-Onone";
			};
			name = Debug;
		};
		3FDE9E2521688AD800AF3BEB /* Release */ = {
			isa = XCBuildConfiguration;
			buildSettings = {
				ALWAYS_SEARCH_USER_PATHS = NO;
				CLANG_ANALYZER_NONNULL = YES;
				CLANG_ANALYZER_NUMBER_OBJECT_CONVERSION = YES_AGGRESSIVE;
				CLANG_CXX_LANGUAGE_STANDARD = "gnu++14";
				CLANG_CXX_LIBRARY = "libc++";
				CLANG_ENABLE_MODULES = YES;
				CLANG_ENABLE_OBJC_ARC = YES;
				CLANG_ENABLE_OBJC_WEAK = YES;
				CLANG_WARN_BLOCK_CAPTURE_AUTORELEASING = YES;
				CLANG_WARN_BOOL_CONVERSION = YES;
				CLANG_WARN_COMMA = YES;
				CLANG_WARN_CONSTANT_CONVERSION = YES;
				CLANG_WARN_DEPRECATED_OBJC_IMPLEMENTATIONS = YES;
				CLANG_WARN_DIRECT_OBJC_ISA_USAGE = YES_ERROR;
				CLANG_WARN_DOCUMENTATION_COMMENTS = YES;
				CLANG_WARN_EMPTY_BODY = YES;
				CLANG_WARN_ENUM_CONVERSION = YES;
				CLANG_WARN_INFINITE_RECURSION = YES;
				CLANG_WARN_INT_CONVERSION = YES;
				CLANG_WARN_NON_LITERAL_NULL_CONVERSION = YES;
				CLANG_WARN_OBJC_IMPLICIT_RETAIN_SELF = YES;
				CLANG_WARN_OBJC_LITERAL_CONVERSION = YES;
				CLANG_WARN_OBJC_ROOT_CLASS = YES_ERROR;
				CLANG_WARN_RANGE_LOOP_ANALYSIS = YES;
				CLANG_WARN_STRICT_PROTOTYPES = YES;
				CLANG_WARN_SUSPICIOUS_MOVE = YES;
				CLANG_WARN_UNGUARDED_AVAILABILITY = YES_AGGRESSIVE;
				CLANG_WARN_UNREACHABLE_CODE = YES;
				CLANG_WARN__DUPLICATE_METHOD_MATCH = YES;
				CODE_SIGN_IDENTITY = "iPhone Developer";
				COPY_PHASE_STRIP = NO;
				DEBUG_INFORMATION_FORMAT = "dwarf-with-dsym";
				ENABLE_NS_ASSERTIONS = NO;
				ENABLE_STRICT_OBJC_MSGSEND = YES;
				GCC_C_LANGUAGE_STANDARD = gnu11;
				GCC_NO_COMMON_BLOCKS = YES;
				GCC_WARN_64_TO_32_BIT_CONVERSION = YES;
				GCC_WARN_ABOUT_RETURN_TYPE = YES_ERROR;
				GCC_WARN_UNDECLARED_SELECTOR = YES;
				GCC_WARN_UNINITIALIZED_AUTOS = YES_AGGRESSIVE;
				GCC_WARN_UNUSED_FUNCTION = YES;
				GCC_WARN_UNUSED_VARIABLE = YES;
				IPHONEOS_DEPLOYMENT_TARGET = 12.0;
				MTL_ENABLE_DEBUG_INFO = NO;
				MTL_FAST_MATH = YES;
				SDKROOT = iphoneos;
				SWIFT_COMPILATION_MODE = wholemodule;
				SWIFT_OPTIMIZATION_LEVEL = "-O";
				VALIDATE_PRODUCT = YES;
			};
			name = Release;
		};
		3FDE9E2721688AD800AF3BEB /* Debug */ = {
			isa = XCBuildConfiguration;
			buildSettings = {
				ASSETCATALOG_COMPILER_APPICON_NAME = AppIcon;
				CODE_SIGN_ENTITLEMENTS = "Dash-Dot-Dash/Supporting Files/Dash-Dot-Dash.entitlements";
				CODE_SIGN_STYLE = Automatic;
				DEVELOPMENT_TEAM = H7HAT4WQVC;
				INFOPLIST_FILE = "$(SRCROOT)/Dash-Dot-Dash/Supporting Files/Info.plist";
				LD_RUNPATH_SEARCH_PATHS = (
					"$(inherited)",
					"@executable_path/Frameworks",
				);
				PRODUCT_BUNDLE_IDENTIFIER = "com.gio.Dash-Dot-Dash";
				PRODUCT_NAME = "$(TARGET_NAME)";
				SWIFT_VERSION = 4.2;
				TARGETED_DEVICE_FAMILY = 1;
			};
			name = Debug;
		};
		3FDE9E2821688AD800AF3BEB /* Release */ = {
			isa = XCBuildConfiguration;
			buildSettings = {
				ASSETCATALOG_COMPILER_APPICON_NAME = AppIcon;
				CODE_SIGN_ENTITLEMENTS = "Dash-Dot-Dash/Supporting Files/Dash-Dot-Dash.entitlements";
				CODE_SIGN_STYLE = Automatic;
				DEVELOPMENT_TEAM = H7HAT4WQVC;
				INFOPLIST_FILE = "$(SRCROOT)/Dash-Dot-Dash/Supporting Files/Info.plist";
				LD_RUNPATH_SEARCH_PATHS = (
					"$(inherited)",
					"@executable_path/Frameworks",
				);
				PRODUCT_BUNDLE_IDENTIFIER = "com.gio.Dash-Dot-Dash";
				PRODUCT_NAME = "$(TARGET_NAME)";
				SWIFT_VERSION = 4.2;
				TARGETED_DEVICE_FAMILY = 1;
			};
			name = Release;
		};
/* End XCBuildConfiguration section */

/* Begin XCConfigurationList section */
		3F5C626F216937E0004517A0 /* Build configuration list for PBXNativeTarget "Dash-Dot-Dash Watch Extension" */ = {
			isa = XCConfigurationList;
			buildConfigurations = (
				3F5C6270216937E0004517A0 /* Debug */,
				3F5C6271216937E0004517A0 /* Release */,
			);
			defaultConfigurationIsVisible = 0;
			defaultConfigurationName = Release;
		};
		3F5C6273216937E0004517A0 /* Build configuration list for PBXNativeTarget "Dash-Dot-Dash Watch" */ = {
			isa = XCConfigurationList;
			buildConfigurations = (
				3F5C6274216937E0004517A0 /* Debug */,
				3F5C6275216937E0004517A0 /* Release */,
			);
			defaultConfigurationIsVisible = 0;
			defaultConfigurationName = Release;
		};
		3F5C68FC216AA4D0004517A0 /* Build configuration list for PBXNativeTarget "Dash-Dot-Dash Tests" */ = {
			isa = XCConfigurationList;
			buildConfigurations = (
				3F5C68FD216AA4D0004517A0 /* Debug */,
				3F5C68FE216AA4D0004517A0 /* Release */,
			);
			defaultConfigurationIsVisible = 0;
			defaultConfigurationName = Release;
		};
		3FDE9E0F21688AD700AF3BEB /* Build configuration list for PBXProject "Dash-Dot-Dash" */ = {
			isa = XCConfigurationList;
			buildConfigurations = (
				3FDE9E2421688AD800AF3BEB /* Debug */,
				3FDE9E2521688AD800AF3BEB /* Release */,
			);
			defaultConfigurationIsVisible = 0;
			defaultConfigurationName = Release;
		};
		3FDE9E2621688AD800AF3BEB /* Build configuration list for PBXNativeTarget "Dash-Dot-Dash" */ = {
			isa = XCConfigurationList;
			buildConfigurations = (
				3FDE9E2721688AD800AF3BEB /* Debug */,
				3FDE9E2821688AD800AF3BEB /* Release */,
			);
			defaultConfigurationIsVisible = 0;
			defaultConfigurationName = Release;
		};
/* End XCConfigurationList section */
	};
	rootObject = 3FDE9E0C21688AD700AF3BEB /* Project object */;
}
